
Microsoft Visual Studio Solution File, Format Version 12.00
# Visual Studio 2013
VisualStudioVersion = 12.0.40629.0
MinimumVisualStudioVersion = 10.0.40219.1
Project("{FAE04EC0-301F-11D3-BF4B-00C04F79EFBC}") = "DataStructures", "DataStructures\DataStructures.csproj", "{CECE32DB-8CAB-451F-A740-8802EFFBAFC0}"
EndProject
Project("{2150E333-8FDC-42A3-9474-1A3956D46DE8}") = "Tests", "Tests", "{FBE3AAF3-1348-49F2-B11C-F4CE726B7BA0}"
EndProject
Project("{FAE04EC0-301F-11D3-BF4B-00C04F79EFBC}") = "PerformanceTests", "Tests\PerformanceTests\PerformanceTests.csproj", "{19F9A692-279B-4B8C-821C-846B47A8E6B5}"
EndProject
Global
	GlobalSection(SolutionConfigurationPlatforms) = preSolution
		Debug|Any CPU = Debug|Any CPU
		Release|Any CPU = Release|Any CPU
	EndGlobalSection
	GlobalSection(ProjectConfigurationPlatforms) = postSolution
		{CECE32DB-8CAB-451F-A740-8802EFFBAFC0}.Debug|Any CPU.ActiveCfg = Debug|Any CPU
		{CECE32DB-8CAB-451F-A740-8802EFFBAFC0}.Debug|Any CPU.Build.0 = Debug|Any CPU
		{CECE32DB-8CAB-451F-A740-8802EFFBAFC0}.Release|Any CPU.ActiveCfg = Release|Any CPU
		{CECE32DB-8CAB-451F-A740-8802EFFBAFC0}.Release|Any CPU.Build.0 = Release|Any CPU
		{19F9A692-279B-4B8C-821C-846B47A8E6B5}.Debug|Any CPU.ActiveCfg = Debug|Any CPU
		{19F9A692-279B-4B8C-821C-846B47A8E6B5}.Debug|Any CPU.Build.0 = Debug|Any CPU
		{19F9A692-279B-4B8C-821C-846B47A8E6B5}.Release|Any CPU.ActiveCfg = Release|Any CPU
		{19F9A692-279B-4B8C-821C-846B47A8E6B5}.Release|Any CPU.Build.0 = Release|Any CPU
	EndGlobalSection
	GlobalSection(SolutionProperties) = preSolution
		HideSolutionNode = FALSE
	EndGlobalSection
	GlobalSection(NestedProjects) = preSolution
		{19F9A692-279B-4B8C-821C-846B47A8E6B5} = {FBE3AAF3-1348-49F2-B11C-F4CE726B7BA0}
	EndGlobalSection
EndGlobal
